// !$*UTF8*$!
{
	archiveVersion = 1;
	classes = {
	};
	objectVersion = 50;
	objects = {

/* Begin PBXBuildFile section */
		01C1E50B23F7AFDA0049E7B6 /* AppDelegate.swift in Sources */ = {isa = PBXBuildFile; fileRef = 01C1E50A23F7AFDA0049E7B6 /* AppDelegate.swift */; };
		01C1E51023F7AFDA0049E7B6 /* SceneDelegate.swift in Sources */ = {isa = PBXBuildFile; fileRef = 01C1E50F23F7AFDA0049E7B6 /* SceneDelegate.swift */; };
		01C1E51423F7AFDA0049E7B6 /* ContentView.swift in Sources */ = {isa = PBXBuildFile; fileRef = 01C1E51323F7AFDA0049E7B6 /* ContentView.swift */; };
		01C1E51623F7AFE80049E7B6 /* Assets.xcassets in Resources */ = {isa = PBXBuildFile; fileRef = 01C1E51523F7AFE80049E7B6 /* Assets.xcassets */; };
		01C1E51923F7AFE80049E7B6 /* Preview Assets.xcassets in Resources */ = {isa = PBXBuildFile; fileRef = 01C1E51823F7AFE80049E7B6 /* Preview Assets.xcassets */; };
		01C1E51C23F7AFE80049E7B6 /* LaunchScreen.storyboard in Resources */ = {isa = PBXBuildFile; fileRef = 01C1E51A23F7AFE80049E7B6 /* LaunchScreen.storyboard */; };
		01C1E52723F7AFE80049E7B6 /* IntuitMobileCraftTests.swift in Sources */ = {isa = PBXBuildFile; fileRef = 01C1E52623F7AFE80049E7B6 /* IntuitMobileCraftTests.swift */; };
		01C1E5A623FBBB8C0049E7B6 /* Bundle+json_loader.swift in Sources */ = {isa = PBXBuildFile; fileRef = 01C1E5A523FBBB8C0049E7B6 /* Bundle+json_loader.swift */; };
		01C1E5A823FBBBE00049E7B6 /* DateFormatter+extension.swift in Sources */ = {isa = PBXBuildFile; fileRef = 01C1E5A723FBBBE00049E7B6 /* DateFormatter+extension.swift */; };
		01C1E5AA23FBBC1E0049E7B6 /* UserDefaults+stringKeys.swift in Sources */ = {isa = PBXBuildFile; fileRef = 01C1E5A923FBBC1E0049E7B6 /* UserDefaults+stringKeys.swift */; };
		01C1E5AC23FBBD3B0049E7B6 /* XCTestCase+extension.swift in Sources */ = {isa = PBXBuildFile; fileRef = 01C1E5AB23FBBD3B0049E7B6 /* XCTestCase+extension.swift */; };
		01C1E5AE23FBBDF10049E7B6 /* JsonApiClient.swift in Sources */ = {isa = PBXBuildFile; fileRef = 01C1E5AD23FBBDF10049E7B6 /* JsonApiClient.swift */; };
		01C1E5B023FBBE1A0049E7B6 /* GithubAPI.swift in Sources */ = {isa = PBXBuildFile; fileRef = 01C1E5AF23FBBE1A0049E7B6 /* GithubAPI.swift */; };
		01C1E5B223FBBE790049E7B6 /* APIRepository.swift in Sources */ = {isa = PBXBuildFile; fileRef = 01C1E5B123FBBE790049E7B6 /* APIRepository.swift */; };
		01C1E5B423FBBEF30049E7B6 /* APIIssue.swift in Sources */ = {isa = PBXBuildFile; fileRef = 01C1E5B323FBBEF30049E7B6 /* APIIssue.swift */; };
		01C1E5B623FBBFFB0049E7B6 /* JsonDecoder+extension.swift in Sources */ = {isa = PBXBuildFile; fileRef = 01C1E5B523FBBFFB0049E7B6 /* JsonDecoder+extension.swift */; };
		01C1E5B823FBC2110049E7B6 /* repo.json in Resources */ = {isa = PBXBuildFile; fileRef = 01C1E5B723FBC2110049E7B6 /* repo.json */; };
		01C1E5BA23FBC23C0049E7B6 /* issue.json in Resources */ = {isa = PBXBuildFile; fileRef = 01C1E5B923FBC23C0049E7B6 /* issue.json */; };
		01C1E5BC23FBC25A0049E7B6 /* issue-multi-label.json in Resources */ = {isa = PBXBuildFile; fileRef = 01C1E5BB23FBC25A0049E7B6 /* issue-multi-label.json */; };
		01C1E5BE23FBC2830049E7B6 /* repo-list.json in Resources */ = {isa = PBXBuildFile; fileRef = 01C1E5BD23FBC2830049E7B6 /* repo-list.json */; };
		01C1E5C023FBC2D60049E7B6 /* GithubAPITest.swift in Sources */ = {isa = PBXBuildFile; fileRef = 01C1E5BF23FBC2D60049E7B6 /* GithubAPITest.swift */; };
		01C1E5C223FBC4A20049E7B6 /* APIRepositoryTest.swift in Sources */ = {isa = PBXBuildFile; fileRef = 01C1E5C123FBC4A20049E7B6 /* APIRepositoryTest.swift */; };
		01C1E5C423FBC5020049E7B6 /* APIIssueTest.swift in Sources */ = {isa = PBXBuildFile; fileRef = 01C1E5C323FBC5020049E7B6 /* APIIssueTest.swift */; };
		01C1E5C623FBC5E20049E7B6 /* RepositoryVM.swift in Sources */ = {isa = PBXBuildFile; fileRef = 01C1E5C523FBC5E20049E7B6 /* RepositoryVM.swift */; };
		01C1E5C823FBCA6E0049E7B6 /* repo1.json in Resources */ = {isa = PBXBuildFile; fileRef = 01C1E5C723FBCA6E0049E7B6 /* repo1.json */; };
		01C1E5CA23FBCBE80049E7B6 /* repo2.json in Resources */ = {isa = PBXBuildFile; fileRef = 01C1E5C923FBCBE80049E7B6 /* repo2.json */; };
		01C1E5CC23FBCCE10049E7B6 /* RepositoryRowView.swift in Sources */ = {isa = PBXBuildFile; fileRef = 01C1E5CB23FBCCE10049E7B6 /* RepositoryRowView.swift */; };
		01C1E5CE23FBCF800049E7B6 /* IssueVM.swift in Sources */ = {isa = PBXBuildFile; fileRef = 01C1E5CD23FBCF800049E7B6 /* IssueVM.swift */; };
		01C1E5D023FBD2370049E7B6 /* issue1.json in Resources */ = {isa = PBXBuildFile; fileRef = 01C1E5CF23FBD2370049E7B6 /* issue1.json */; };
		01C1E5D223FBD26C0049E7B6 /* issue2.json in Resources */ = {isa = PBXBuildFile; fileRef = 01C1E5D123FBD26C0049E7B6 /* issue2.json */; };
		01C1E5D423FBD2B90049E7B6 /* issue-list.json in Resources */ = {isa = PBXBuildFile; fileRef = 01C1E5D323FBD2B90049E7B6 /* issue-list.json */; };
		01C1E5D623FBD38D0049E7B6 /* IssueRowView.swift in Sources */ = {isa = PBXBuildFile; fileRef = 01C1E5D523FBD38D0049E7B6 /* IssueRowView.swift */; };
		01C1E5D823FBD4BC0049E7B6 /* OpenIssueListView.swift in Sources */ = {isa = PBXBuildFile; fileRef = 01C1E5D723FBD4BC0049E7B6 /* OpenIssueListView.swift */; };
		01C1E5DA23FBD50D0049E7B6 /* RespositoryListView.swift in Sources */ = {isa = PBXBuildFile; fileRef = 01C1E5D923FBD50D0049E7B6 /* RespositoryListView.swift */; };
		01C1E5DD23FC57140049E7B6 /* WebColor.swift in Sources */ = {isa = PBXBuildFile; fileRef = 01C1E5DC23FC57140049E7B6 /* WebColor.swift */; };
		01C1E5E023FC5A9E0049E7B6 /* WebColorTest.swift in Sources */ = {isa = PBXBuildFile; fileRef = 01C1E5DF23FC5A9E0049E7B6 /* WebColorTest.swift */; };
		01C1E5E223FC72950049E7B6 /* repo3.json in Resources */ = {isa = PBXBuildFile; fileRef = 01C1E5E123FC72950049E7B6 /* repo3.json */; };
		01C1E5E523FC79420049E7B6 /* DataManager.swift in Sources */ = {isa = PBXBuildFile; fileRef = 01C1E5E423FC79420049E7B6 /* DataManager.swift */; };
		01C1E5E723FC7B380049E7B6 /* DataProvider.swift in Sources */ = {isa = PBXBuildFile; fileRef = 01C1E5E623FC7B380049E7B6 /* DataProvider.swift */; };
		01C1E5E923FC7E300049E7B6 /* APIDataProvider.swift in Sources */ = {isa = PBXBuildFile; fileRef = 01C1E5E823FC7E300049E7B6 /* APIDataProvider.swift */; };
		01C1E5EC23FC89670049E7B6 /* DataManagerTest.swift in Sources */ = {isa = PBXBuildFile; fileRef = 01C1E5EB23FC89670049E7B6 /* DataManagerTest.swift */; };
		01C1E5EE23FC98230049E7B6 /* IssueTabView.swift in Sources */ = {isa = PBXBuildFile; fileRef = 01C1E5ED23FC98230049E7B6 /* IssueTabView.swift */; };
		01C1E5F023FCA0430049E7B6 /* ClosedIssueListView.swift in Sources */ = {isa = PBXBuildFile; fileRef = 01C1E5EF23FCA0430049E7B6 /* ClosedIssueListView.swift */; };
/* End PBXBuildFile section */

/* Begin PBXContainerItemProxy section */
		01C1E52323F7AFE80049E7B6 /* PBXContainerItemProxy */ = {
			isa = PBXContainerItemProxy;
			containerPortal = 01C1E4FF23F7AFDA0049E7B6 /* Project object */;
			proxyType = 1;
			remoteGlobalIDString = 01C1E50623F7AFDA0049E7B6;
			remoteInfo = IntuitMobileCraft;
		};
/* End PBXContainerItemProxy section */

/* Begin PBXFileReference section */
		01C1E50723F7AFDA0049E7B6 /* IntuitMobileCraft.app */ = {isa = PBXFileReference; explicitFileType = wrapper.application; includeInIndex = 0; path = IntuitMobileCraft.app; sourceTree = BUILT_PRODUCTS_DIR; };
		01C1E50A23F7AFDA0049E7B6 /* AppDelegate.swift */ = {isa = PBXFileReference; lastKnownFileType = sourcecode.swift; path = AppDelegate.swift; sourceTree = "<group>"; };
		01C1E50F23F7AFDA0049E7B6 /* SceneDelegate.swift */ = {isa = PBXFileReference; lastKnownFileType = sourcecode.swift; path = SceneDelegate.swift; sourceTree = "<group>"; };
		01C1E51323F7AFDA0049E7B6 /* ContentView.swift */ = {isa = PBXFileReference; lastKnownFileType = sourcecode.swift; path = ContentView.swift; sourceTree = "<group>"; };
		01C1E51523F7AFE80049E7B6 /* Assets.xcassets */ = {isa = PBXFileReference; lastKnownFileType = folder.assetcatalog; path = Assets.xcassets; sourceTree = "<group>"; };
		01C1E51823F7AFE80049E7B6 /* Preview Assets.xcassets */ = {isa = PBXFileReference; lastKnownFileType = folder.assetcatalog; path = "Preview Assets.xcassets"; sourceTree = "<group>"; };
		01C1E51B23F7AFE80049E7B6 /* Base */ = {isa = PBXFileReference; lastKnownFileType = file.storyboard; name = Base; path = Base.lproj/LaunchScreen.storyboard; sourceTree = "<group>"; };
		01C1E51D23F7AFE80049E7B6 /* Info.plist */ = {isa = PBXFileReference; lastKnownFileType = text.plist.xml; path = Info.plist; sourceTree = "<group>"; };
		01C1E52223F7AFE80049E7B6 /* IntuitMobileCraftTests.xctest */ = {isa = PBXFileReference; explicitFileType = wrapper.cfbundle; includeInIndex = 0; path = IntuitMobileCraftTests.xctest; sourceTree = BUILT_PRODUCTS_DIR; };
		01C1E52623F7AFE80049E7B6 /* IntuitMobileCraftTests.swift */ = {isa = PBXFileReference; lastKnownFileType = sourcecode.swift; path = IntuitMobileCraftTests.swift; sourceTree = "<group>"; };
		01C1E52823F7AFE80049E7B6 /* Info.plist */ = {isa = PBXFileReference; lastKnownFileType = text.plist.xml; path = Info.plist; sourceTree = "<group>"; };
		01C1E5A523FBBB8C0049E7B6 /* Bundle+json_loader.swift */ = {isa = PBXFileReference; lastKnownFileType = sourcecode.swift; path = "Bundle+json_loader.swift"; sourceTree = "<group>"; };
		01C1E5A723FBBBE00049E7B6 /* DateFormatter+extension.swift */ = {isa = PBXFileReference; lastKnownFileType = sourcecode.swift; path = "DateFormatter+extension.swift"; sourceTree = "<group>"; };
		01C1E5A923FBBC1E0049E7B6 /* UserDefaults+stringKeys.swift */ = {isa = PBXFileReference; lastKnownFileType = sourcecode.swift; path = "UserDefaults+stringKeys.swift"; sourceTree = "<group>"; };
		01C1E5AB23FBBD3B0049E7B6 /* XCTestCase+extension.swift */ = {isa = PBXFileReference; lastKnownFileType = sourcecode.swift; path = "XCTestCase+extension.swift"; sourceTree = "<group>"; };
		01C1E5AD23FBBDF10049E7B6 /* JsonApiClient.swift */ = {isa = PBXFileReference; lastKnownFileType = sourcecode.swift; path = JsonApiClient.swift; sourceTree = "<group>"; };
		01C1E5AF23FBBE1A0049E7B6 /* GithubAPI.swift */ = {isa = PBXFileReference; lastKnownFileType = sourcecode.swift; path = GithubAPI.swift; sourceTree = "<group>"; };
		01C1E5B123FBBE790049E7B6 /* APIRepository.swift */ = {isa = PBXFileReference; lastKnownFileType = sourcecode.swift; path = APIRepository.swift; sourceTree = "<group>"; };
		01C1E5B323FBBEF30049E7B6 /* APIIssue.swift */ = {isa = PBXFileReference; lastKnownFileType = sourcecode.swift; path = APIIssue.swift; sourceTree = "<group>"; };
		01C1E5B523FBBFFB0049E7B6 /* JsonDecoder+extension.swift */ = {isa = PBXFileReference; lastKnownFileType = sourcecode.swift; path = "JsonDecoder+extension.swift"; sourceTree = "<group>"; };
		01C1E5B723FBC2110049E7B6 /* repo.json */ = {isa = PBXFileReference; lastKnownFileType = text.json; path = repo.json; sourceTree = "<group>"; };
		01C1E5B923FBC23C0049E7B6 /* issue.json */ = {isa = PBXFileReference; lastKnownFileType = text.json; path = issue.json; sourceTree = "<group>"; };
		01C1E5BB23FBC25A0049E7B6 /* issue-multi-label.json */ = {isa = PBXFileReference; lastKnownFileType = text.json; path = "issue-multi-label.json"; sourceTree = "<group>"; };
		01C1E5BD23FBC2830049E7B6 /* repo-list.json */ = {isa = PBXFileReference; lastKnownFileType = text.json; path = "repo-list.json"; sourceTree = "<group>"; };
		01C1E5BF23FBC2D60049E7B6 /* GithubAPITest.swift */ = {isa = PBXFileReference; lastKnownFileType = sourcecode.swift; path = GithubAPITest.swift; sourceTree = "<group>"; };
		01C1E5C123FBC4A20049E7B6 /* APIRepositoryTest.swift */ = {isa = PBXFileReference; lastKnownFileType = sourcecode.swift; path = APIRepositoryTest.swift; sourceTree = "<group>"; };
		01C1E5C323FBC5020049E7B6 /* APIIssueTest.swift */ = {isa = PBXFileReference; lastKnownFileType = sourcecode.swift; path = APIIssueTest.swift; sourceTree = "<group>"; };
		01C1E5C523FBC5E20049E7B6 /* RepositoryVM.swift */ = {isa = PBXFileReference; lastKnownFileType = sourcecode.swift; path = RepositoryVM.swift; sourceTree = "<group>"; };
		01C1E5C723FBCA6E0049E7B6 /* repo1.json */ = {isa = PBXFileReference; lastKnownFileType = text.json; path = repo1.json; sourceTree = "<group>"; };
		01C1E5C923FBCBE80049E7B6 /* repo2.json */ = {isa = PBXFileReference; lastKnownFileType = text.json; path = repo2.json; sourceTree = "<group>"; };
		01C1E5CB23FBCCE10049E7B6 /* RepositoryRowView.swift */ = {isa = PBXFileReference; lastKnownFileType = sourcecode.swift; path = RepositoryRowView.swift; sourceTree = "<group>"; };
		01C1E5CD23FBCF800049E7B6 /* IssueVM.swift */ = {isa = PBXFileReference; lastKnownFileType = sourcecode.swift; path = IssueVM.swift; sourceTree = "<group>"; };
		01C1E5CF23FBD2370049E7B6 /* issue1.json */ = {isa = PBXFileReference; lastKnownFileType = text.json; path = issue1.json; sourceTree = "<group>"; };
		01C1E5D123FBD26C0049E7B6 /* issue2.json */ = {isa = PBXFileReference; lastKnownFileType = text.json; path = issue2.json; sourceTree = "<group>"; };
		01C1E5D323FBD2B90049E7B6 /* issue-list.json */ = {isa = PBXFileReference; lastKnownFileType = text.json; path = "issue-list.json"; sourceTree = "<group>"; };
		01C1E5D523FBD38D0049E7B6 /* IssueRowView.swift */ = {isa = PBXFileReference; lastKnownFileType = sourcecode.swift; path = IssueRowView.swift; sourceTree = "<group>"; };
		01C1E5D723FBD4BC0049E7B6 /* OpenIssueListView.swift */ = {isa = PBXFileReference; lastKnownFileType = sourcecode.swift; path = OpenIssueListView.swift; sourceTree = "<group>"; };
		01C1E5D923FBD50D0049E7B6 /* RespositoryListView.swift */ = {isa = PBXFileReference; lastKnownFileType = sourcecode.swift; path = RespositoryListView.swift; sourceTree = "<group>"; };
		01C1E5DC23FC57140049E7B6 /* WebColor.swift */ = {isa = PBXFileReference; lastKnownFileType = sourcecode.swift; path = WebColor.swift; sourceTree = "<group>"; };
		01C1E5DF23FC5A9E0049E7B6 /* WebColorTest.swift */ = {isa = PBXFileReference; lastKnownFileType = sourcecode.swift; path = WebColorTest.swift; sourceTree = "<group>"; };
		01C1E5E123FC72950049E7B6 /* repo3.json */ = {isa = PBXFileReference; lastKnownFileType = text.json; path = repo3.json; sourceTree = "<group>"; };
		01C1E5E423FC79420049E7B6 /* DataManager.swift */ = {isa = PBXFileReference; lastKnownFileType = sourcecode.swift; path = DataManager.swift; sourceTree = "<group>"; };
		01C1E5E623FC7B380049E7B6 /* DataProvider.swift */ = {isa = PBXFileReference; lastKnownFileType = sourcecode.swift; path = DataProvider.swift; sourceTree = "<group>"; };
		01C1E5E823FC7E300049E7B6 /* APIDataProvider.swift */ = {isa = PBXFileReference; lastKnownFileType = sourcecode.swift; path = APIDataProvider.swift; sourceTree = "<group>"; };
		01C1E5EB23FC89670049E7B6 /* DataManagerTest.swift */ = {isa = PBXFileReference; lastKnownFileType = sourcecode.swift; path = DataManagerTest.swift; sourceTree = "<group>"; };
		01C1E5ED23FC98230049E7B6 /* IssueTabView.swift */ = {isa = PBXFileReference; lastKnownFileType = sourcecode.swift; path = IssueTabView.swift; sourceTree = "<group>"; };
		01C1E5EF23FCA0430049E7B6 /* ClosedIssueListView.swift */ = {isa = PBXFileReference; lastKnownFileType = sourcecode.swift; path = ClosedIssueListView.swift; sourceTree = "<group>"; };
/* End PBXFileReference section */

/* Begin PBXFrameworksBuildPhase section */
		01C1E50423F7AFDA0049E7B6 /* Frameworks */ = {
			isa = PBXFrameworksBuildPhase;
			buildActionMask = 2147483647;
			files = (
			);
			runOnlyForDeploymentPostprocessing = 0;
		};
		01C1E51F23F7AFE80049E7B6 /* Frameworks */ = {
			isa = PBXFrameworksBuildPhase;
			buildActionMask = 2147483647;
			files = (
			);
			runOnlyForDeploymentPostprocessing = 0;
		};
/* End PBXFrameworksBuildPhase section */

/* Begin PBXGroup section */
		01C1E4FE23F7AFDA0049E7B6 = {
			isa = PBXGroup;
			children = (
				01C1E50923F7AFDA0049E7B6 /* IntuitMobileCraft */,
				01C1E52523F7AFE80049E7B6 /* IntuitMobileCraftTests */,
				01C1E50823F7AFDA0049E7B6 /* Products */,
			);
			sourceTree = "<group>";
		};
		01C1E50823F7AFDA0049E7B6 /* Products */ = {
			isa = PBXGroup;
			children = (
				01C1E50723F7AFDA0049E7B6 /* IntuitMobileCraft.app */,
				01C1E52223F7AFE80049E7B6 /* IntuitMobileCraftTests.xctest */,
			);
			name = Products;
			sourceTree = "<group>";
		};
		01C1E50923F7AFDA0049E7B6 /* IntuitMobileCraft */ = {
			isa = PBXGroup;
			children = (
				01C1E5E323FC791E0049E7B6 /* data_management */,
				01C1E5A023FBBAB60049E7B6 /* api */,
				01C1E5A123FBBAC60049E7B6 /* extensions */,
				01C1E5A223FBBAE70049E7B6 /* views */,
				01C1E53123F7B60B0049E7B6 /* view_models */,
				01C1E5DB23FC47540049E7B6 /* utility */,
				01C1E50A23F7AFDA0049E7B6 /* AppDelegate.swift */,
				01C1E50F23F7AFDA0049E7B6 /* SceneDelegate.swift */,
				01C1E51323F7AFDA0049E7B6 /* ContentView.swift */,
				01C1E51523F7AFE80049E7B6 /* Assets.xcassets */,
				01C1E51A23F7AFE80049E7B6 /* LaunchScreen.storyboard */,
				01C1E51D23F7AFE80049E7B6 /* Info.plist */,
				01C1E51723F7AFE80049E7B6 /* Preview Content */,
			);
			path = IntuitMobileCraft;
			sourceTree = "<group>";
		};
		01C1E51723F7AFE80049E7B6 /* Preview Content */ = {
			isa = PBXGroup;
			children = (
				01C1E51823F7AFE80049E7B6 /* Preview Assets.xcassets */,
				01C1E5C723FBCA6E0049E7B6 /* repo1.json */,
				01C1E5C923FBCBE80049E7B6 /* repo2.json */,
				01C1E5CF23FBD2370049E7B6 /* issue1.json */,
				01C1E5D123FBD26C0049E7B6 /* issue2.json */,
				01C1E5D323FBD2B90049E7B6 /* issue-list.json */,
				01C1E5E123FC72950049E7B6 /* repo3.json */,
			);
			path = "Preview Content";
			sourceTree = "<group>";
		};
		01C1E52523F7AFE80049E7B6 /* IntuitMobileCraftTests */ = {
			isa = PBXGroup;
			children = (
				01C1E5A423FBBB400049E7B6 /* support-files */,
				01C1E5A323FBBB380049E7B6 /* api */,
				01C1E5DE23FC5A1A0049E7B6 /* utility */,
				01C1E5EA23FC893A0049E7B6 /* data_management */,
				01C1E52623F7AFE80049E7B6 /* IntuitMobileCraftTests.swift */,
				01C1E52823F7AFE80049E7B6 /* Info.plist */,
				01C1E5AB23FBBD3B0049E7B6 /* XCTestCase+extension.swift */,
			);
			path = IntuitMobileCraftTests;
			sourceTree = "<group>";
		};
		01C1E53123F7B60B0049E7B6 /* view_models */ = {
			isa = PBXGroup;
			children = (
				01C1E5C523FBC5E20049E7B6 /* RepositoryVM.swift */,
				01C1E5CD23FBCF800049E7B6 /* IssueVM.swift */,
			);
			path = view_models;
			sourceTree = "<group>";
		};
		01C1E5A023FBBAB60049E7B6 /* api */ = {
			isa = PBXGroup;
			children = (
				01C1E5AD23FBBDF10049E7B6 /* JsonApiClient.swift */,
				01C1E5AF23FBBE1A0049E7B6 /* GithubAPI.swift */,
				01C1E5B123FBBE790049E7B6 /* APIRepository.swift */,
				01C1E5B323FBBEF30049E7B6 /* APIIssue.swift */,
			);
			path = api;
			sourceTree = "<group>";
		};
		01C1E5A123FBBAC60049E7B6 /* extensions */ = {
			isa = PBXGroup;
			children = (
				01C1E5A523FBBB8C0049E7B6 /* Bundle+json_loader.swift */,
				01C1E5A723FBBBE00049E7B6 /* DateFormatter+extension.swift */,
				01C1E5A923FBBC1E0049E7B6 /* UserDefaults+stringKeys.swift */,
				01C1E5B523FBBFFB0049E7B6 /* JsonDecoder+extension.swift */,
			);
			path = extensions;
			sourceTree = "<group>";
		};
		01C1E5A223FBBAE70049E7B6 /* views */ = {
			isa = PBXGroup;
			children = (
				01C1E5CB23FBCCE10049E7B6 /* RepositoryRowView.swift */,
				01C1E5D523FBD38D0049E7B6 /* IssueRowView.swift */,
				01C1E5D723FBD4BC0049E7B6 /* OpenIssueListView.swift */,
				01C1E5D923FBD50D0049E7B6 /* RespositoryListView.swift */,
				01C1E5ED23FC98230049E7B6 /* IssueTabView.swift */,
				01C1E5EF23FCA0430049E7B6 /* ClosedIssueListView.swift */,
			);
			path = views;
			sourceTree = "<group>";
		};
		01C1E5A323FBBB380049E7B6 /* api */ = {
			isa = PBXGroup;
			children = (
				01C1E5BF23FBC2D60049E7B6 /* GithubAPITest.swift */,
				01C1E5C123FBC4A20049E7B6 /* APIRepositoryTest.swift */,
				01C1E5C323FBC5020049E7B6 /* APIIssueTest.swift */,
			);
			path = api;
			sourceTree = "<group>";
		};
		01C1E5A423FBBB400049E7B6 /* support-files */ = {
			isa = PBXGroup;
			children = (
				01C1E5B723FBC2110049E7B6 /* repo.json */,
				01C1E5B923FBC23C0049E7B6 /* issue.json */,
				01C1E5BB23FBC25A0049E7B6 /* issue-multi-label.json */,
				01C1E5BD23FBC2830049E7B6 /* repo-list.json */,
			);
			path = "support-files";
			sourceTree = "<group>";
		};
		01C1E5DB23FC47540049E7B6 /* utility */ = {
			isa = PBXGroup;
			children = (
				01C1E5DC23FC57140049E7B6 /* WebColor.swift */,
			);
			path = utility;
			sourceTree = "<group>";
		};
		01C1E5DE23FC5A1A0049E7B6 /* utility */ = {
			isa = PBXGroup;
			children = (
				01C1E5DF23FC5A9E0049E7B6 /* WebColorTest.swift */,
			);
			path = utility;
			sourceTree = "<group>";
		};
		01C1E5E323FC791E0049E7B6 /* data_management */ = {
			isa = PBXGroup;
			children = (
				01C1E5E423FC79420049E7B6 /* DataManager.swift */,
				01C1E5E623FC7B380049E7B6 /* DataProvider.swift */,
				01C1E5E823FC7E300049E7B6 /* APIDataProvider.swift */,
			);
			path = data_management;
			sourceTree = "<group>";
		};
		01C1E5EA23FC893A0049E7B6 /* data_management */ = {
			isa = PBXGroup;
			children = (
				01C1E5EB23FC89670049E7B6 /* DataManagerTest.swift */,
			);
			path = data_management;
			sourceTree = "<group>";
		};
/* End PBXGroup section */

/* Begin PBXNativeTarget section */
		01C1E50623F7AFDA0049E7B6 /* IntuitMobileCraft */ = {
			isa = PBXNativeTarget;
			buildConfigurationList = 01C1E52B23F7AFE80049E7B6 /* Build configuration list for PBXNativeTarget "IntuitMobileCraft" */;
			buildPhases = (
				01C1E50323F7AFDA0049E7B6 /* Sources */,
				01C1E50423F7AFDA0049E7B6 /* Frameworks */,
				01C1E50523F7AFDA0049E7B6 /* Resources */,
			);
			buildRules = (
			);
			dependencies = (
			);
			name = IntuitMobileCraft;
			productName = IntuitMobileCraft;
			productReference = 01C1E50723F7AFDA0049E7B6 /* IntuitMobileCraft.app */;
			productType = "com.apple.product-type.application";
		};
		01C1E52123F7AFE80049E7B6 /* IntuitMobileCraftTests */ = {
			isa = PBXNativeTarget;
			buildConfigurationList = 01C1E52E23F7AFE80049E7B6 /* Build configuration list for PBXNativeTarget "IntuitMobileCraftTests" */;
			buildPhases = (
				01C1E51E23F7AFE80049E7B6 /* Sources */,
				01C1E51F23F7AFE80049E7B6 /* Frameworks */,
				01C1E52023F7AFE80049E7B6 /* Resources */,
			);
			buildRules = (
			);
			dependencies = (
				01C1E52423F7AFE80049E7B6 /* PBXTargetDependency */,
			);
			name = IntuitMobileCraftTests;
			productName = IntuitMobileCraftTests;
			productReference = 01C1E52223F7AFE80049E7B6 /* IntuitMobileCraftTests.xctest */;
			productType = "com.apple.product-type.bundle.unit-test";
		};
/* End PBXNativeTarget section */

/* Begin PBXProject section */
		01C1E4FF23F7AFDA0049E7B6 /* Project object */ = {
			isa = PBXProject;
			attributes = {
				LastSwiftUpdateCheck = 1140;
				LastUpgradeCheck = 1140;
				ORGANIZATIONNAME = "Andy Stechishin";
				TargetAttributes = {
					01C1E50623F7AFDA0049E7B6 = {
						CreatedOnToolsVersion = 11.4;
					};
					01C1E52123F7AFE80049E7B6 = {
						CreatedOnToolsVersion = 11.4;
						TestTargetID = 01C1E50623F7AFDA0049E7B6;
					};
				};
			};
			buildConfigurationList = 01C1E50223F7AFDA0049E7B6 /* Build configuration list for PBXProject "IntuitMobileCraft" */;
			compatibilityVersion = "Xcode 9.3";
			developmentRegion = en;
			hasScannedForEncodings = 0;
			knownRegions = (
				en,
				Base,
			);
			mainGroup = 01C1E4FE23F7AFDA0049E7B6;
			productRefGroup = 01C1E50823F7AFDA0049E7B6 /* Products */;
			projectDirPath = "";
			projectRoot = "";
			targets = (
				01C1E50623F7AFDA0049E7B6 /* IntuitMobileCraft */,
				01C1E52123F7AFE80049E7B6 /* IntuitMobileCraftTests */,
			);
		};
/* End PBXProject section */

/* Begin PBXResourcesBuildPhase section */
		01C1E50523F7AFDA0049E7B6 /* Resources */ = {
			isa = PBXResourcesBuildPhase;
			buildActionMask = 2147483647;
			files = (
				01C1E51C23F7AFE80049E7B6 /* LaunchScreen.storyboard in Resources */,
				01C1E5D423FBD2B90049E7B6 /* issue-list.json in Resources */,
				01C1E5C823FBCA6E0049E7B6 /* repo1.json in Resources */,
				01C1E5E223FC72950049E7B6 /* repo3.json in Resources */,
				01C1E51923F7AFE80049E7B6 /* Preview Assets.xcassets in Resources */,
				01C1E5D023FBD2370049E7B6 /* issue1.json in Resources */,
				01C1E5D223FBD26C0049E7B6 /* issue2.json in Resources */,
				01C1E51623F7AFE80049E7B6 /* Assets.xcassets in Resources */,
				01C1E5CA23FBCBE80049E7B6 /* repo2.json in Resources */,
			);
			runOnlyForDeploymentPostprocessing = 0;
		};
		01C1E52023F7AFE80049E7B6 /* Resources */ = {
			isa = PBXResourcesBuildPhase;
			buildActionMask = 2147483647;
			files = (
				01C1E5B823FBC2110049E7B6 /* repo.json in Resources */,
				01C1E5BE23FBC2830049E7B6 /* repo-list.json in Resources */,
				01C1E5BA23FBC23C0049E7B6 /* issue.json in Resources */,
				01C1E5BC23FBC25A0049E7B6 /* issue-multi-label.json in Resources */,
			);
			runOnlyForDeploymentPostprocessing = 0;
		};
/* End PBXResourcesBuildPhase section */

/* Begin PBXSourcesBuildPhase section */
		01C1E50323F7AFDA0049E7B6 /* Sources */ = {
			isa = PBXSourcesBuildPhase;
			buildActionMask = 2147483647;
			files = (
				01C1E5C623FBC5E20049E7B6 /* RepositoryVM.swift in Sources */,
				01C1E5B423FBBEF30049E7B6 /* APIIssue.swift in Sources */,
				01C1E5E723FC7B380049E7B6 /* DataProvider.swift in Sources */,
				01C1E5CE23FBCF800049E7B6 /* IssueVM.swift in Sources */,
				01C1E5A823FBBBE00049E7B6 /* DateFormatter+extension.swift in Sources */,
				01C1E5CC23FBCCE10049E7B6 /* RepositoryRowView.swift in Sources */,
				01C1E5B623FBBFFB0049E7B6 /* JsonDecoder+extension.swift in Sources */,
				01C1E5AE23FBBDF10049E7B6 /* JsonApiClient.swift in Sources */,
				01C1E51423F7AFDA0049E7B6 /* ContentView.swift in Sources */,
				01C1E5D623FBD38D0049E7B6 /* IssueRowView.swift in Sources */,
				01C1E5A623FBBB8C0049E7B6 /* Bundle+json_loader.swift in Sources */,
				01C1E5DD23FC57140049E7B6 /* WebColor.swift in Sources */,
				01C1E5F023FCA0430049E7B6 /* ClosedIssueListView.swift in Sources */,
				01C1E50B23F7AFDA0049E7B6 /* AppDelegate.swift in Sources */,
				01C1E5AA23FBBC1E0049E7B6 /* UserDefaults+stringKeys.swift in Sources */,
				01C1E5B023FBBE1A0049E7B6 /* GithubAPI.swift in Sources */,
				01C1E5E523FC79420049E7B6 /* DataManager.swift in Sources */,
				01C1E5EE23FC98230049E7B6 /* IssueTabView.swift in Sources */,
				01C1E5B223FBBE790049E7B6 /* APIRepository.swift in Sources */,
				01C1E5E923FC7E300049E7B6 /* APIDataProvider.swift in Sources */,
				01C1E5D823FBD4BC0049E7B6 /* OpenIssueListView.swift in Sources */,
				01C1E51023F7AFDA0049E7B6 /* SceneDelegate.swift in Sources */,
				01C1E5DA23FBD50D0049E7B6 /* RespositoryListView.swift in Sources */,
			);
			runOnlyForDeploymentPostprocessing = 0;
		};
		01C1E51E23F7AFE80049E7B6 /* Sources */ = {
			isa = PBXSourcesBuildPhase;
			buildActionMask = 2147483647;
			files = (
				01C1E5E023FC5A9E0049E7B6 /* WebColorTest.swift in Sources */,
				01C1E5C223FBC4A20049E7B6 /* APIRepositoryTest.swift in Sources */,
				01C1E5C023FBC2D60049E7B6 /* GithubAPITest.swift in Sources */,
				01C1E5EC23FC89670049E7B6 /* DataManagerTest.swift in Sources */,
				01C1E5AC23FBBD3B0049E7B6 /* XCTestCase+extension.swift in Sources */,
				01C1E52723F7AFE80049E7B6 /* IntuitMobileCraftTests.swift in Sources */,
				01C1E5C423FBC5020049E7B6 /* APIIssueTest.swift in Sources */,
			);
			runOnlyForDeploymentPostprocessing = 0;
		};
/* End PBXSourcesBuildPhase section */

/* Begin PBXTargetDependency section */
		01C1E52423F7AFE80049E7B6 /* PBXTargetDependency */ = {
			isa = PBXTargetDependency;
			target = 01C1E50623F7AFDA0049E7B6 /* IntuitMobileCraft */;
			targetProxy = 01C1E52323F7AFE80049E7B6 /* PBXContainerItemProxy */;
		};
/* End PBXTargetDependency section */

/* Begin PBXVariantGroup section */
		01C1E51A23F7AFE80049E7B6 /* LaunchScreen.storyboard */ = {
			isa = PBXVariantGroup;
			children = (
				01C1E51B23F7AFE80049E7B6 /* Base */,
			);
			name = LaunchScreen.storyboard;
			sourceTree = "<group>";
		};
/* End PBXVariantGroup section */

/* Begin XCBuildConfiguration section */
		01C1E52923F7AFE80049E7B6 /* Debug */ = {
			isa = XCBuildConfiguration;
			buildSettings = {
				ALWAYS_SEARCH_USER_PATHS = NO;
				CLANG_ANALYZER_NONNULL = YES;
				CLANG_ANALYZER_NUMBER_OBJECT_CONVERSION = YES_AGGRESSIVE;
				CLANG_CXX_LANGUAGE_STANDARD = "gnu++14";
				CLANG_CXX_LIBRARY = "libc++";
				CLANG_ENABLE_MODULES = YES;
				CLANG_ENABLE_OBJC_ARC = YES;
				CLANG_ENABLE_OBJC_WEAK = YES;
				CLANG_WARN_BLOCK_CAPTURE_AUTORELEASING = YES;
				CLANG_WARN_BOOL_CONVERSION = YES;
				CLANG_WARN_COMMA = YES;
				CLANG_WARN_CONSTANT_CONVERSION = YES;
				CLANG_WARN_DEPRECATED_OBJC_IMPLEMENTATIONS = YES;
				CLANG_WARN_DIRECT_OBJC_ISA_USAGE = YES_ERROR;
				CLANG_WARN_DOCUMENTATION_COMMENTS = YES;
				CLANG_WARN_EMPTY_BODY = YES;
				CLANG_WARN_ENUM_CONVERSION = YES;
				CLANG_WARN_INFINITE_RECURSION = YES;
				CLANG_WARN_INT_CONVERSION = YES;
				CLANG_WARN_NON_LITERAL_NULL_CONVERSION = YES;
				CLANG_WARN_OBJC_IMPLICIT_RETAIN_SELF = YES;
				CLANG_WARN_OBJC_LITERAL_CONVERSION = YES;
				CLANG_WARN_OBJC_ROOT_CLASS = YES_ERROR;
				CLANG_WARN_RANGE_LOOP_ANALYSIS = YES;
				CLANG_WARN_STRICT_PROTOTYPES = YES;
				CLANG_WARN_SUSPICIOUS_MOVE = YES;
				CLANG_WARN_UNGUARDED_AVAILABILITY = YES_AGGRESSIVE;
				CLANG_WARN_UNREACHABLE_CODE = YES;
				CLANG_WARN__DUPLICATE_METHOD_MATCH = YES;
				COPY_PHASE_STRIP = NO;
				DEBUG_INFORMATION_FORMAT = dwarf;
				ENABLE_STRICT_OBJC_MSGSEND = YES;
				ENABLE_TESTABILITY = YES;
				GCC_C_LANGUAGE_STANDARD = gnu11;
				GCC_DYNAMIC_NO_PIC = NO;
				GCC_NO_COMMON_BLOCKS = YES;
				GCC_OPTIMIZATION_LEVEL = 0;
				GCC_PREPROCESSOR_DEFINITIONS = (
					"DEBUG=1",
					"$(inherited)",
				);
				GCC_WARN_64_TO_32_BIT_CONVERSION = YES;
				GCC_WARN_ABOUT_RETURN_TYPE = YES_ERROR;
				GCC_WARN_UNDECLARED_SELECTOR = YES;
				GCC_WARN_UNINITIALIZED_AUTOS = YES_AGGRESSIVE;
				GCC_WARN_UNUSED_FUNCTION = YES;
				GCC_WARN_UNUSED_VARIABLE = YES;
				IPHONEOS_DEPLOYMENT_TARGET = 13.4;
				MTL_ENABLE_DEBUG_INFO = INCLUDE_SOURCE;
				MTL_FAST_MATH = YES;
				ONLY_ACTIVE_ARCH = YES;
				SDKROOT = iphoneos;
				SWIFT_ACTIVE_COMPILATION_CONDITIONS = DEBUG;
				SWIFT_OPTIMIZATION_LEVEL = "-Onone";
			};
			name = Debug;
		};
		01C1E52A23F7AFE80049E7B6 /* Release */ = {
			isa = XCBuildConfiguration;
			buildSettings = {
				ALWAYS_SEARCH_USER_PATHS = NO;
				CLANG_ANALYZER_NONNULL = YES;
				CLANG_ANALYZER_NUMBER_OBJECT_CONVERSION = YES_AGGRESSIVE;
				CLANG_CXX_LANGUAGE_STANDARD = "gnu++14";
				CLANG_CXX_LIBRARY = "libc++";
				CLANG_ENABLE_MODULES = YES;
				CLANG_ENABLE_OBJC_ARC = YES;
				CLANG_ENABLE_OBJC_WEAK = YES;
				CLANG_WARN_BLOCK_CAPTURE_AUTORELEASING = YES;
				CLANG_WARN_BOOL_CONVERSION = YES;
				CLANG_WARN_COMMA = YES;
				CLANG_WARN_CONSTANT_CONVERSION = YES;
				CLANG_WARN_DEPRECATED_OBJC_IMPLEMENTATIONS = YES;
				CLANG_WARN_DIRECT_OBJC_ISA_USAGE = YES_ERROR;
				CLANG_WARN_DOCUMENTATION_COMMENTS = YES;
				CLANG_WARN_EMPTY_BODY = YES;
				CLANG_WARN_ENUM_CONVERSION = YES;
				CLANG_WARN_INFINITE_RECURSION = YES;
				CLANG_WARN_INT_CONVERSION = YES;
				CLANG_WARN_NON_LITERAL_NULL_CONVERSION = YES;
				CLANG_WARN_OBJC_IMPLICIT_RETAIN_SELF = YES;
				CLANG_WARN_OBJC_LITERAL_CONVERSION = YES;
				CLANG_WARN_OBJC_ROOT_CLASS = YES_ERROR;
				CLANG_WARN_RANGE_LOOP_ANALYSIS = YES;
				CLANG_WARN_STRICT_PROTOTYPES = YES;
				CLANG_WARN_SUSPICIOUS_MOVE = YES;
				CLANG_WARN_UNGUARDED_AVAILABILITY = YES_AGGRESSIVE;
				CLANG_WARN_UNREACHABLE_CODE = YES;
				CLANG_WARN__DUPLICATE_METHOD_MATCH = YES;
				COPY_PHASE_STRIP = NO;
				DEBUG_INFORMATION_FORMAT = "dwarf-with-dsym";
				ENABLE_NS_ASSERTIONS = NO;
				ENABLE_STRICT_OBJC_MSGSEND = YES;
				GCC_C_LANGUAGE_STANDARD = gnu11;
				GCC_NO_COMMON_BLOCKS = YES;
				GCC_WARN_64_TO_32_BIT_CONVERSION = YES;
				GCC_WARN_ABOUT_RETURN_TYPE = YES_ERROR;
				GCC_WARN_UNDECLARED_SELECTOR = YES;
				GCC_WARN_UNINITIALIZED_AUTOS = YES_AGGRESSIVE;
				GCC_WARN_UNUSED_FUNCTION = YES;
				GCC_WARN_UNUSED_VARIABLE = YES;
				IPHONEOS_DEPLOYMENT_TARGET = 13.4;
				MTL_ENABLE_DEBUG_INFO = NO;
				MTL_FAST_MATH = YES;
				SDKROOT = iphoneos;
				SWIFT_COMPILATION_MODE = wholemodule;
				SWIFT_OPTIMIZATION_LEVEL = "-O";
				VALIDATE_PRODUCT = YES;
			};
			name = Release;
		};
		01C1E52C23F7AFE80049E7B6 /* Debug */ = {
			isa = XCBuildConfiguration;
			buildSettings = {
				ASSETCATALOG_COMPILER_APPICON_NAME = AppIcon;
				CODE_SIGN_STYLE = Automatic;
				DEVELOPMENT_ASSET_PATHS = "IntuitMobileCraft/Preview\\ Content/repo3.json IntuitMobileCraft/Preview\\ Content IntuitMobileCraft/Preview\\ Content/issue2.json IntuitMobileCraft/Preview\\ Content/repo1.json IntuitMobileCraft/Preview\\ Content/repo2.json IntuitMobileCraft/Preview\\ Content/issue-list.json IntuitMobileCraft/Preview\\ Content/issue1.json";
				DEVELOPMENT_TEAM = 2UE6Z754G3;
				ENABLE_PREVIEWS = YES;
				INFOPLIST_FILE = IntuitMobileCraft/Info.plist;
				LD_RUNPATH_SEARCH_PATHS = (
					"$(inherited)",
					"@executable_path/Frameworks",
				);
				PRODUCT_BUNDLE_IDENTIFIER = ca.canasoftware.IntuitMobileCraft;
				PRODUCT_NAME = "$(TARGET_NAME)";
				SWIFT_VERSION = 5.0;
				TARGETED_DEVICE_FAMILY = "1,2";
			};
			name = Debug;
		};
		01C1E52D23F7AFE80049E7B6 /* Release */ = {
			isa = XCBuildConfiguration;
			buildSettings = {
				ASSETCATALOG_COMPILER_APPICON_NAME = AppIcon;
				CODE_SIGN_STYLE = Automatic;
				DEVELOPMENT_ASSET_PATHS = "IntuitMobileCraft/Preview\\ Content/repo3.json IntuitMobileCraft/Preview\\ Content IntuitMobileCraft/Preview\\ Content/issue2.json IntuitMobileCraft/Preview\\ Content/repo1.json IntuitMobileCraft/Preview\\ Content/repo2.json IntuitMobileCraft/Preview\\ Content/issue-list.json IntuitMobileCraft/Preview\\ Content/issue1.json";
				DEVELOPMENT_TEAM = 2UE6Z754G3;
				ENABLE_PREVIEWS = YES;
				INFOPLIST_FILE = IntuitMobileCraft/Info.plist;
				LD_RUNPATH_SEARCH_PATHS = (
					"$(inherited)",
					"@executable_path/Frameworks",
				);
				PRODUCT_BUNDLE_IDENTIFIER = ca.canasoftware.IntuitMobileCraft;
				PRODUCT_NAME = "$(TARGET_NAME)";
				SWIFT_VERSION = 5.0;
				TARGETED_DEVICE_FAMILY = "1,2";
			};
			name = Release;
		};
		01C1E52F23F7AFE80049E7B6 /* Debug */ = {
			isa = XCBuildConfiguration;
			buildSettings = {
				ALWAYS_EMBED_SWIFT_STANDARD_LIBRARIES = YES;
				BUNDLE_LOADER = "$(TEST_HOST)";
				CODE_SIGN_STYLE = Automatic;
				DEVELOPMENT_TEAM = 2UE6Z754G3;
				INFOPLIST_FILE = IntuitMobileCraftTests/Info.plist;
				IPHONEOS_DEPLOYMENT_TARGET = 13.4;
				LD_RUNPATH_SEARCH_PATHS = (
					"$(inherited)",
					"@executable_path/Frameworks",
					"@loader_path/Frameworks",
				);
				PRODUCT_BUNDLE_IDENTIFIER = ca.canasoftware.IntuitMobileCraftTests;
				PRODUCT_NAME = "$(TARGET_NAME)";
				SWIFT_VERSION = 5.0;
				TARGETED_DEVICE_FAMILY = "1,2";
				TEST_HOST = "$(BUILT_PRODUCTS_DIR)/IntuitMobileCraft.app/IntuitMobileCraft";
			};
			name = Debug;
		};
		01C1E53023F7AFE80049E7B6 /* Release */ = {
			isa = XCBuildConfiguration;
			buildSettings = {
				ALWAYS_EMBED_SWIFT_STANDARD_LIBRARIES = YES;
				BUNDLE_LOADER = "$(TEST_HOST)";
				CODE_SIGN_STYLE = Automatic;
				DEVELOPMENT_TEAM = 2UE6Z754G3;
				INFOPLIST_FILE = IntuitMobileCraftTests/Info.plist;
				IPHONEOS_DEPLOYMENT_TARGET = 13.4;
				LD_RUNPATH_SEARCH_PATHS = (
					"$(inherited)",
					"@executable_path/Frameworks",
					"@loader_path/Frameworks",
				);
				PRODUCT_BUNDLE_IDENTIFIER = ca.canasoftware.IntuitMobileCraftTests;
				PRODUCT_NAME = "$(TARGET_NAME)";
				SWIFT_VERSION = 5.0;
				TARGETED_DEVICE_FAMILY = "1,2";
				TEST_HOST = "$(BUILT_PRODUCTS_DIR)/IntuitMobileCraft.app/IntuitMobileCraft";
			};
			name = Release;
		};
/* End XCBuildConfiguration section */

/* Begin XCConfigurationList section */
		01C1E50223F7AFDA0049E7B6 /* Build configuration list for PBXProject "IntuitMobileCraft" */ = {
			isa = XCConfigurationList;
			buildConfigurations = (
				01C1E52923F7AFE80049E7B6 /* Debug */,
				01C1E52A23F7AFE80049E7B6 /* Release */,
			);
			defaultConfigurationIsVisible = 0;
			defaultConfigurationName = Release;
		};
		01C1E52B23F7AFE80049E7B6 /* Build configuration list for PBXNativeTarget "IntuitMobileCraft" */ = {
			isa = XCConfigurationList;
			buildConfigurations = (
				01C1E52C23F7AFE80049E7B6 /* Debug */,
				01C1E52D23F7AFE80049E7B6 /* Release */,
			);
			defaultConfigurationIsVisible = 0;
			defaultConfigurationName = Release;
		};
		01C1E52E23F7AFE80049E7B6 /* Build configuration list for PBXNativeTarget "IntuitMobileCraftTests" */ = {
			isa = XCConfigurationList;
			buildConfigurations = (
				01C1E52F23F7AFE80049E7B6 /* Debug */,
				01C1E53023F7AFE80049E7B6 /* Release */,
			);
			defaultConfigurationIsVisible = 0;
			defaultConfigurationName = Release;
		};
/* End XCConfigurationList section */
	};
	rootObject = 01C1E4FF23F7AFDA0049E7B6 /* Project object */;
}
